
Microsoft Visual Studio Solution File, Format Version 12.00
# Visual Studio 15
VisualStudioVersion = 15.0.27703.2026
MinimumVisualStudioVersion = 10.0.40219.1
Project("{FAE04EC0-301F-11D3-BF4B-00C04F79EFBC}") = "PlayStationDiscord", "PlayStationDiscord\PlayStationDiscord.csproj", "{47B3EC15-65BB-4DB2-87C2-870E83543D1D}"
EndProject
Global
	GlobalSection(SolutionConfigurationPlatforms) = preSolution
		Debug|Any CPU = Debug|Any CPU
		Release|Any CPU = Release|Any CPU
	EndGlobalSection
	GlobalSection(ProjectConfigurationPlatforms) = postSolution
		{47B3EC15-65BB-4DB2-87C2-870E83543D1D}.Debug|Any CPU.ActiveCfg = Debug|Any CPU
		{47B3EC15-65BB-4DB2-87C2-870E83543D1D}.Debug|Any CPU.Build.0 = Debug|Any CPU
		{47B3EC15-65BB-4DB2-87C2-870E83543D1D}.Release|Any CPU.ActiveCfg = Release|Any CPU
		{47B3EC15-65BB-4DB2-87C2-870E83543D1D}.Release|Any CPU.Build.0 = Release|Any CPU
	EndGlobalSection
	GlobalSection(SolutionProperties) = preSolution
		HideSolutionNode = FALSE
	EndGlobalSection
	GlobalSection(ExtensibilityGlobals) = postSolution
		SolutionGuid = {57A33B15-180D-4BC3-A252-8F4655DCA127}
	EndGlobalSection
EndGlobal
